
Microsoft Visual Studio Solution File, Format Version 12.00
# Visual Studio Version 16
VisualStudioVersion = 16.0.29806.167
MinimumVisualStudioVersion = 10.0.40219.1
Project("{FAE04EC0-301F-11D3-BF4B-00C04F79EFBC}") = "OrdersTest.Web", "OrdersTestWeb\OrdersTest.Web.csproj", "{26235C3D-9C4F-4BB7-80AF-0413E11DFB6B}"
EndProject
Project("{FAE04EC0-301F-11D3-BF4B-00C04F79EFBC}") = "OrderTest.Services", "OrderTest.Services\OrderTest.Services.csproj", "{F5672757-E3CF-4111-ACA4-75BDAD431959}"
EndProject
Project("{FAE04EC0-301F-11D3-BF4B-00C04F79EFBC}") = "OrderTest.Entities", "OrderTest.Entities\OrderTest.Entities.csproj", "{CE295D3A-4E01-4CCF-8E90-46DC4FA841A4}"
EndProject
Project("{FAE04EC0-301F-11D3-BF4B-00C04F79EFBC}") = "OrderTest.Enums", "OrderTest.Enums\OrderTest.Enums.csproj", "{4CC6AB70-0D77-462C-AF1D-02B798C3BB0C}"
EndProject
Project("{FAE04EC0-301F-11D3-BF4B-00C04F79EFBC}") = "OrderTest.Repositories", "OrderTest.Repositories\OrderTest.Repositories.csproj", "{995E06A4-DBA2-435F-8D39-99A8E96477C6}"
EndProject
Global
	GlobalSection(SolutionConfigurationPlatforms) = preSolution
		Debug|Any CPU = Debug|Any CPU
		Release|Any CPU = Release|Any CPU
	EndGlobalSection
	GlobalSection(ProjectConfigurationPlatforms) = postSolution
		{26235C3D-9C4F-4BB7-80AF-0413E11DFB6B}.Debug|Any CPU.ActiveCfg = Debug|Any CPU
		{26235C3D-9C4F-4BB7-80AF-0413E11DFB6B}.Debug|Any CPU.Build.0 = Debug|Any CPU
		{26235C3D-9C4F-4BB7-80AF-0413E11DFB6B}.Release|Any CPU.ActiveCfg = Release|Any CPU
		{26235C3D-9C4F-4BB7-80AF-0413E11DFB6B}.Release|Any CPU.Build.0 = Release|Any CPU
		{F5672757-E3CF-4111-ACA4-75BDAD431959}.Debug|Any CPU.ActiveCfg = Debug|Any CPU
		{F5672757-E3CF-4111-ACA4-75BDAD431959}.Debug|Any CPU.Build.0 = Debug|Any CPU
		{F5672757-E3CF-4111-ACA4-75BDAD431959}.Release|Any CPU.ActiveCfg = Release|Any CPU
		{F5672757-E3CF-4111-ACA4-75BDAD431959}.Release|Any CPU.Build.0 = Release|Any CPU
		{CE295D3A-4E01-4CCF-8E90-46DC4FA841A4}.Debug|Any CPU.ActiveCfg = Debug|Any CPU
		{CE295D3A-4E01-4CCF-8E90-46DC4FA841A4}.Debug|Any CPU.Build.0 = Debug|Any CPU
		{CE295D3A-4E01-4CCF-8E90-46DC4FA841A4}.Release|Any CPU.ActiveCfg = Release|Any CPU
		{CE295D3A-4E01-4CCF-8E90-46DC4FA841A4}.Release|Any CPU.Build.0 = Release|Any CPU
		{4CC6AB70-0D77-462C-AF1D-02B798C3BB0C}.Debug|Any CPU.ActiveCfg = Debug|Any CPU
		{4CC6AB70-0D77-462C-AF1D-02B798C3BB0C}.Debug|Any CPU.Build.0 = Debug|Any CPU
		{4CC6AB70-0D77-462C-AF1D-02B798C3BB0C}.Release|Any CPU.ActiveCfg = Release|Any CPU
		{4CC6AB70-0D77-462C-AF1D-02B798C3BB0C}.Release|Any CPU.Build.0 = Release|Any CPU
		{995E06A4-DBA2-435F-8D39-99A8E96477C6}.Debug|Any CPU.ActiveCfg = Debug|Any CPU
		{995E06A4-DBA2-435F-8D39-99A8E96477C6}.Debug|Any CPU.Build.0 = Debug|Any CPU
		{995E06A4-DBA2-435F-8D39-99A8E96477C6}.Release|Any CPU.ActiveCfg = Release|Any CPU
		{995E06A4-DBA2-435F-8D39-99A8E96477C6}.Release|Any CPU.Build.0 = Release|Any CPU
	EndGlobalSection
	GlobalSection(SolutionProperties) = preSolution
		HideSolutionNode = FALSE
	EndGlobalSection
	GlobalSection(ExtensibilityGlobals) = postSolution
		SolutionGuid = {21C78EA4-4D4D-4EDC-B904-73E6C6C82233}
	EndGlobalSection
EndGlobal
